
Microsoft Visual Studio Solution File, Format Version 12.00
# Visual Studio Version 16
VisualStudioVersion = 16.0.30011.22
MinimumVisualStudioVersion = 10.0.40219.1
Project("{FAE04EC0-301F-11D3-BF4B-00C04F79EFBC}") = "XArcGis.UWP", "XArcGis\XArcGis.UWP\XArcGis.UWP.csproj", "{8F153DED-7C7B-4280-A3C5-E3FC4692E271}"
EndProject
Project("{FAE04EC0-301F-11D3-BF4B-00C04F79EFBC}") = "XArcGis.Android", "XArcGis\XArcGis.Android\XArcGis.Android.csproj", "{3703B553-2BE9-4DE8-ADC2-049E433900D6}"
EndProject
Project("{FAE04EC0-301F-11D3-BF4B-00C04F79EFBC}") = "XArcGis.iOS", "XArcGis\XArcGis.iOS\XArcGis.iOS.csproj", "{1B045AAE-B295-4654-9341-7439D6FB8BF7}"
EndProject
Project("{FAE04EC0-301F-11D3-BF4B-00C04F79EFBC}") = "XArcGis", "XArcGis\XArcGis\XArcGis.csproj", "{5C1971E1-35EA-4727-B12F-A72E9D28F63A}"
EndProject
Global
	GlobalSection(SolutionConfigurationPlatforms) = preSolution
		Debug|Any CPU = Debug|Any CPU
		Debug|ARM = Debug|ARM
		Debug|iPhone = Debug|iPhone
		Debug|iPhoneSimulator = Debug|iPhoneSimulator
		Debug|x64 = Debug|x64
		Debug|x86 = Debug|x86
		Release|Any CPU = Release|Any CPU
		Release|ARM = Release|ARM
		Release|iPhone = Release|iPhone
		Release|iPhoneSimulator = Release|iPhoneSimulator
		Release|x64 = Release|x64
		Release|x86 = Release|x86
	EndGlobalSection
	GlobalSection(ProjectConfigurationPlatforms) = postSolution
		{8F153DED-7C7B-4280-A3C5-E3FC4692E271}.Debug|Any CPU.ActiveCfg = Debug|x86
		{8F153DED-7C7B-4280-A3C5-E3FC4692E271}.Debug|Any CPU.Build.0 = Debug|x86
		{8F153DED-7C7B-4280-A3C5-E3FC4692E271}.Debug|Any CPU.Deploy.0 = Debug|x86
		{8F153DED-7C7B-4280-A3C5-E3FC4692E271}.Debug|ARM.ActiveCfg = Debug|ARM
		{8F153DED-7C7B-4280-A3C5-E3FC4692E271}.Debug|ARM.Build.0 = Debug|ARM
		{8F153DED-7C7B-4280-A3C5-E3FC4692E271}.Debug|ARM.Deploy.0 = Debug|ARM
		{8F153DED-7C7B-4280-A3C5-E3FC4692E271}.Debug|iPhone.ActiveCfg = Debug|x86
		{8F153DED-7C7B-4280-A3C5-E3FC4692E271}.Debug|iPhone.Build.0 = Debug|x86
		{8F153DED-7C7B-4280-A3C5-E3FC4692E271}.Debug|iPhone.Deploy.0 = Debug|x86
		{8F153DED-7C7B-4280-A3C5-E3FC4692E271}.Debug|iPhoneSimulator.ActiveCfg = Debug|x86
		{8F153DED-7C7B-4280-A3C5-E3FC4692E271}.Debug|iPhoneSimulator.Build.0 = Debug|x86
		{8F153DED-7C7B-4280-A3C5-E3FC4692E271}.Debug|iPhoneSimulator.Deploy.0 = Debug|x86
		{8F153DED-7C7B-4280-A3C5-E3FC4692E271}.Debug|x64.ActiveCfg = Debug|x64
		{8F153DED-7C7B-4280-A3C5-E3FC4692E271}.Debug|x64.Build.0 = Debug|x64
		{8F153DED-7C7B-4280-A3C5-E3FC4692E271}.Debug|x64.Deploy.0 = Debug|x64
		{8F153DED-7C7B-4280-A3C5-E3FC4692E271}.Debug|x86.ActiveCfg = Debug|x86
		{8F153DED-7C7B-4280-A3C5-E3FC4692E271}.Debug|x86.Build.0 = Debug|x86
		{8F153DED-7C7B-4280-A3C5-E3FC4692E271}.Debug|x86.Deploy.0 = Debug|x86
		{8F153DED-7C7B-4280-A3C5-E3FC4692E271}.Release|Any CPU.ActiveCfg = Release|x86
		{8F153DED-7C7B-4280-A3C5-E3FC4692E271}.Release|Any CPU.Build.0 = Release|x86
		{8F153DED-7C7B-4280-A3C5-E3FC4692E271}.Release|Any CPU.Deploy.0 = Release|x86
		{8F153DED-7C7B-4280-A3C5-E3FC4692E271}.Release|ARM.ActiveCfg = Release|ARM
		{8F153DED-7C7B-4280-A3C5-E3FC4692E271}.Release|ARM.Build.0 = Release|ARM
		{8F153DED-7C7B-4280-A3C5-E3FC4692E271}.Release|ARM.Deploy.0 = Release|ARM
		{8F153DED-7C7B-4280-A3C5-E3FC4692E271}.Release|iPhone.ActiveCfg = Release|x86
		{8F153DED-7C7B-4280-A3C5-E3FC4692E271}.Release|iPhone.Build.0 = Release|x86
		{8F153DED-7C7B-4280-A3C5-E3FC4692E271}.Release|iPhone.Deploy.0 = Release|x86
		{8F153DED-7C7B-4280-A3C5-E3FC4692E271}.Release|iPhoneSimulator.ActiveCfg = Release|x86
		{8F153DED-7C7B-4280-A3C5-E3FC4692E271}.Release|iPhoneSimulator.Build.0 = Release|x86
		{8F153DED-7C7B-4280-A3C5-E3FC4692E271}.Release|iPhoneSimulator.Deploy.0 = Release|x86
		{8F153DED-7C7B-4280-A3C5-E3FC4692E271}.Release|x64.ActiveCfg = Release|x64
		{8F153DED-7C7B-4280-A3C5-E3FC4692E271}.Release|x64.Build.0 = Release|x64
		{8F153DED-7C7B-4280-A3C5-E3FC4692E271}.Release|x64.Deploy.0 = Release|x64
		{8F153DED-7C7B-4280-A3C5-E3FC4692E271}.Release|x86.ActiveCfg = Release|x86
		{8F153DED-7C7B-4280-A3C5-E3FC4692E271}.Release|x86.Build.0 = Release|x86
		{8F153DED-7C7B-4280-A3C5-E3FC4692E271}.Release|x86.Deploy.0 = Release|x86
		{3703B553-2BE9-4DE8-ADC2-049E433900D6}.Debug|Any CPU.ActiveCfg = Debug|Any CPU
		{3703B553-2BE9-4DE8-ADC2-049E433900D6}.Debug|Any CPU.Build.0 = Debug|Any CPU
		{3703B553-2BE9-4DE8-ADC2-049E433900D6}.Debug|Any CPU.Deploy.0 = Debug|Any CPU
		{3703B553-2BE9-4DE8-ADC2-049E433900D6}.Debug|ARM.ActiveCfg = Debug|Any CPU
		{3703B553-2BE9-4DE8-ADC2-049E433900D6}.Debug|ARM.Build.0 = Debug|Any CPU
		{3703B553-2BE9-4DE8-ADC2-049E433900D6}.Debug|ARM.Deploy.0 = Debug|Any CPU
		{3703B553-2BE9-4DE8-ADC2-049E433900D6}.Debug|iPhone.ActiveCfg = Debug|Any CPU
		{3703B553-2BE9-4DE8-ADC2-049E433900D6}.Debug|iPhone.Build.0 = Debug|Any CPU
		{3703B553-2BE9-4DE8-ADC2-049E433900D6}.Debug|iPhone.Deploy.0 = Debug|Any CPU
		{3703B553-2BE9-4DE8-ADC2-049E433900D6}.Debug|iPhoneSimulator.ActiveCfg = Debug|Any CPU
		{3703B553-2BE9-4DE8-ADC2-049E433900D6}.Debug|iPhoneSimulator.Build.0 = Debug|Any CPU
		{3703B553-2BE9-4DE8-ADC2-049E433900D6}.Debug|iPhoneSimulator.Deploy.0 = Debug|Any CPU
		{3703B553-2BE9-4DE8-ADC2-049E433900D6}.Debug|x64.ActiveCfg = Debug|Any CPU
		{3703B553-2BE9-4DE8-ADC2-049E433900D6}.Debug|x64.Build.0 = Debug|Any CPU
		{3703B553-2BE9-4DE8-ADC2-049E433900D6}.Debug|x64.Deploy.0 = Debug|Any CPU
		{3703B553-2BE9-4DE8-ADC2-049E433900D6}.Debug|x86.ActiveCfg = Debug|Any CPU
		{3703B553-2BE9-4DE8-ADC2-049E433900D6}.Debug|x86.Build.0 = Debug|Any CPU
		{3703B553-2BE9-4DE8-ADC2-049E433900D6}.Debug|x86.Deploy.0 = Debug|Any CPU
		{3703B553-2BE9-4DE8-ADC2-049E433900D6}.Release|Any CPU.ActiveCfg = Release|Any CPU
		{3703B553-2BE9-4DE8-ADC2-049E433900D6}.Release|Any CPU.Build.0 = Release|Any CPU
		{3703B553-2BE9-4DE8-ADC2-049E433900D6}.Release|Any CPU.Deploy.0 = Release|Any CPU
		{3703B553-2BE9-4DE8-ADC2-049E433900D6}.Release|ARM.ActiveCfg = Release|Any CPU
		{3703B553-2BE9-4DE8-ADC2-049E433900D6}.Release|ARM.Build.0 = Release|Any CPU
		{3703B553-2BE9-4DE8-ADC2-049E433900D6}.Release|ARM.Deploy.0 = Release|Any CPU
		{3703B553-2BE9-4DE8-ADC2-049E433900D6}.Release|iPhone.ActiveCfg = Release|Any CPU
		{3703B553-2BE9-4DE8-ADC2-049E433900D6}.Release|iPhone.Build.0 = Release|Any CPU
		{3703B553-2BE9-4DE8-ADC2-049E433900D6}.Release|iPhone.Deploy.0 = Release|Any CPU
		{3703B553-2BE9-4DE8-ADC2-049E433900D6}.Release|iPhoneSimulator.ActiveCfg = Release|Any CPU
		{3703B553-2BE9-4DE8-ADC2-049E433900D6}.Release|iPhoneSimulator.Build.0 = Release|Any CPU
		{3703B553-2BE9-4DE8-ADC2-049E433900D6}.Release|iPhoneSimulator.Deploy.0 = Release|Any CPU
		{3703B553-2BE9-4DE8-ADC2-049E433900D6}.Release|x64.ActiveCfg = Release|Any CPU
		{3703B553-2BE9-4DE8-ADC2-049E433900D6}.Release|x64.Build.0 = Release|Any CPU
		{3703B553-2BE9-4DE8-ADC2-049E433900D6}.Release|x64.Deploy.0 = Release|Any CPU
		{3703B553-2BE9-4DE8-ADC2-049E433900D6}.Release|x86.ActiveCfg = Release|Any CPU
		{3703B553-2BE9-4DE8-ADC2-049E433900D6}.Release|x86.Build.0 = Release|Any CPU
		{3703B553-2BE9-4DE8-ADC2-049E433900D6}.Release|x86.Deploy.0 = Release|Any CPU
		{1B045AAE-B295-4654-9341-7439D6FB8BF7}.Debug|Any CPU.ActiveCfg = Debug|iPhone
		{1B045AAE-B295-4654-9341-7439D6FB8BF7}.Debug|Any CPU.Build.0 = Debug|iPhone
		{1B045AAE-B295-4654-9341-7439D6FB8BF7}.Debug|Any CPU.Deploy.0 = Debug|iPhone
		{1B045AAE-B295-4654-9341-7439D6FB8BF7}.Debug|ARM.ActiveCfg = Debug|iPhone
		{1B045AAE-B295-4654-9341-7439D6FB8BF7}.Debug|ARM.Build.0 = Debug|iPhone
		{1B045AAE-B295-4654-9341-7439D6FB8BF7}.Debug|ARM.Deploy.0 = Debug|iPhone
		{1B045AAE-B295-4654-9341-7439D6FB8BF7}.Debug|iPhone.ActiveCfg = Debug|iPhone
		{1B045AAE-B295-4654-9341-7439D6FB8BF7}.Debug|iPhone.Build.0 = Debug|iPhone
		{1B045AAE-B295-4654-9341-7439D6FB8BF7}.Debug|iPhone.Deploy.0 = Debug|iPhone
		{1B045AAE-B295-4654-9341-7439D6FB8BF7}.Debug|iPhoneSimulator.ActiveCfg = Debug|iPhoneSimulator
		{1B045AAE-B295-4654-9341-7439D6FB8BF7}.Debug|iPhoneSimulator.Build.0 = Debug|iPhoneSimulator
		{1B045AAE-B295-4654-9341-7439D6FB8BF7}.Debug|iPhoneSimulator.Deploy.0 = Debug|iPhoneSimulator
		{1B045AAE-B295-4654-9341-7439D6FB8BF7}.Debug|x64.ActiveCfg = Debug|iPhone
		{1B045AAE-B295-4654-9341-7439D6FB8BF7}.Debug|x64.Build.0 = Debug|iPhone
		{1B045AAE-B295-4654-9341-7439D6FB8BF7}.Debug|x64.Deploy.0 = Debug|iPhone
		{1B045AAE-B295-4654-9341-7439D6FB8BF7}.Debug|x86.ActiveCfg = Debug|iPhone
		{1B045AAE-B295-4654-9341-7439D6FB8BF7}.Debug|x86.Build.0 = Debug|iPhone
		{1B045AAE-B295-4654-9341-7439D6FB8BF7}.Debug|x86.Deploy.0 = Debug|iPhone
		{1B045AAE-B295-4654-9341-7439D6FB8BF7}.Release|Any CPU.ActiveCfg = Release|iPhone
		{1B045AAE-B295-4654-9341-7439D6FB8BF7}.Release|Any CPU.Build.0 = Release|iPhone
		{1B045AAE-B295-4654-9341-7439D6FB8BF7}.Release|Any CPU.Deploy.0 = Release|iPhone
		{1B045AAE-B295-4654-9341-7439D6FB8BF7}.Release|ARM.ActiveCfg = Release|iPhone
		{1B045AAE-B295-4654-9341-7439D6FB8BF7}.Release|ARM.Build.0 = Release|iPhone
		{1B045AAE-B295-4654-9341-7439D6FB8BF7}.Release|ARM.Deploy.0 = Release|iPhone
		{1B045AAE-B295-4654-9341-7439D6FB8BF7}.Release|iPhone.ActiveCfg = Release|iPhone
		{1B045AAE-B295-4654-9341-7439D6FB8BF7}.Release|iPhone.Build.0 = Release|iPhone
		{1B045AAE-B295-4654-9341-7439D6FB8BF7}.Release|iPhone.Deploy.0 = Release|iPhone
		{1B045AAE-B295-4654-9341-7439D6FB8BF7}.Release|iPhoneSimulator.ActiveCfg = Release|iPhoneSimulator
		{1B045AAE-B295-4654-9341-7439D6FB8BF7}.Release|iPhoneSimulator.Build.0 = Release|iPhoneSimulator
		{1B045AAE-B295-4654-9341-7439D6FB8BF7}.Release|iPhoneSimulator.Deploy.0 = Release|iPhoneSimulator
		{1B045AAE-B295-4654-9341-7439D6FB8BF7}.Release|x64.ActiveCfg = Release|iPhone
		{1B045AAE-B295-4654-9341-7439D6FB8BF7}.Release|x64.Build.0 = Release|iPhone
		{1B045AAE-B295-4654-9341-7439D6FB8BF7}.Release|x64.Deploy.0 = Release|iPhone
		{1B045AAE-B295-4654-9341-7439D6FB8BF7}.Release|x86.ActiveCfg = Release|iPhone
		{1B045AAE-B295-4654-9341-7439D6FB8BF7}.Release|x86.Build.0 = Release|iPhone
		{1B045AAE-B295-4654-9341-7439D6FB8BF7}.Release|x86.Deploy.0 = Release|iPhone
		{5C1971E1-35EA-4727-B12F-A72E9D28F63A}.Debug|Any CPU.ActiveCfg = Debug|Any CPU
		{5C1971E1-35EA-4727-B12F-A72E9D28F63A}.Debug|Any CPU.Build.0 = Debug|Any CPU
		{5C1971E1-35EA-4727-B12F-A72E9D28F63A}.Debug|Any CPU.Deploy.0 = Debug|Any CPU
		{5C1971E1-35EA-4727-B12F-A72E9D28F63A}.Debug|ARM.ActiveCfg = Debug|Any CPU
		{5C1971E1-35EA-4727-B12F-A72E9D28F63A}.Debug|ARM.Build.0 = Debug|Any CPU
		{5C1971E1-35EA-4727-B12F-A72E9D28F63A}.Debug|ARM.Deploy.0 = Debug|Any CPU
		{5C1971E1-35EA-4727-B12F-A72E9D28F63A}.Debug|iPhone.ActiveCfg = Debug|Any CPU
		{5C1971E1-35EA-4727-B12F-A72E9D28F63A}.Debug|iPhone.Build.0 = Debug|Any CPU
		{5C1971E1-35EA-4727-B12F-A72E9D28F63A}.Debug|iPhone.Deploy.0 = Debug|Any CPU
		{5C1971E1-35EA-4727-B12F-A72E9D28F63A}.Debug|iPhoneSimulator.ActiveCfg = Debug|Any CPU
		{5C1971E1-35EA-4727-B12F-A72E9D28F63A}.Debug|iPhoneSimulator.Build.0 = Debug|Any CPU
		{5C1971E1-35EA-4727-B12F-A72E9D28F63A}.Debug|iPhoneSimulator.Deploy.0 = Debug|Any CPU
		{5C1971E1-35EA-4727-B12F-A72E9D28F63A}.Debug|x64.ActiveCfg = Debug|Any CPU
		{5C1971E1-35EA-4727-B12F-A72E9D28F63A}.Debug|x64.Build.0 = Debug|Any CPU
		{5C1971E1-35EA-4727-B12F-A72E9D28F63A}.Debug|x64.Deploy.0 = Debug|Any CPU
		{5C1971E1-35EA-4727-B12F-A72E9D28F63A}.Debug|x86.ActiveCfg = Debug|Any CPU
		{5C1971E1-35EA-4727-B12F-A72E9D28F63A}.Debug|x86.Build.0 = Debug|Any CPU
		{5C1971E1-35EA-4727-B12F-A72E9D28F63A}.Debug|x86.Deploy.0 = Debug|Any CPU
		{5C1971E1-35EA-4727-B12F-A72E9D28F63A}.Release|Any CPU.ActiveCfg = Release|Any CPU
		{5C1971E1-35EA-4727-B12F-A72E9D28F63A}.Release|Any CPU.Build.0 = Release|Any CPU
		{5C1971E1-35EA-4727-B12F-A72E9D28F63A}.Release|Any CPU.Deploy.0 = Release|Any CPU
		{5C1971E1-35EA-4727-B12F-A72E9D28F63A}.Release|ARM.ActiveCfg = Release|Any CPU
		{5C1971E1-35EA-4727-B12F-A72E9D28F63A}.Release|ARM.Build.0 = Release|Any CPU
		{5C1971E1-35EA-4727-B12F-A72E9D28F63A}.Release|ARM.Deploy.0 = Release|Any CPU
		{5C1971E1-35EA-4727-B12F-A72E9D28F63A}.Release|iPhone.ActiveCfg = Release|Any CPU
		{5C1971E1-35EA-4727-B12F-A72E9D28F63A}.Release|iPhone.Build.0 = Release|Any CPU
		{5C1971E1-35EA-4727-B12F-A72E9D28F63A}.Release|iPhone.Deploy.0 = Release|Any CPU
		{5C1971E1-35EA-4727-B12F-A72E9D28F63A}.Release|iPhoneSimulator.ActiveCfg = Release|Any CPU
		{5C1971E1-35EA-4727-B12F-A72E9D28F63A}.Release|iPhoneSimulator.Build.0 = Release|Any CPU
		{5C1971E1-35EA-4727-B12F-A72E9D28F63A}.Release|iPhoneSimulator.Deploy.0 = Release|Any CPU
		{5C1971E1-35EA-4727-B12F-A72E9D28F63A}.Release|x64.ActiveCfg = Release|Any CPU
		{5C1971E1-35EA-4727-B12F-A72E9D28F63A}.Release|x64.Build.0 = Release|Any CPU
		{5C1971E1-35EA-4727-B12F-A72E9D28F63A}.Release|x64.Deploy.0 = Release|Any CPU
		{5C1971E1-35EA-4727-B12F-A72E9D28F63A}.Release|x86.ActiveCfg = Release|Any CPU
		{5C1971E1-35EA-4727-B12F-A72E9D28F63A}.Release|x86.Build.0 = Release|Any CPU
		{5C1971E1-35EA-4727-B12F-A72E9D28F63A}.Release|x86.Deploy.0 = Release|Any CPU
	EndGlobalSection
	GlobalSection(SolutionProperties) = preSolution
		HideSolutionNode = FALSE
	EndGlobalSection
	GlobalSection(ExtensibilityGlobals) = postSolution
		SolutionGuid = {A4F1E8AC-FAA9-42FE-954E-028649DCFE03}
	EndGlobalSection
EndGlobal
